
Microsoft Visual Studio Solution File, Format Version 12.00
# Visual Studio Version 17
VisualStudioVersion = 17.1.32228.430
MinimumVisualStudioVersion = 10.0.40219.1
Project("{8BC9CEB8-8B4A-11D0-8D11-00A0C91BC942}") = "ukazatel 3 zadacha", "ukazatel 3 zadacha\ukazatel 3 zadacha.vcxproj", "{0B7C30A4-2B5B-4BAC-B980-0000D86FF855}"
EndProject
Global
	GlobalSection(SolutionConfigurationPlatforms) = preSolution
		Debug|x64 = Debug|x64
		Debug|x86 = Debug|x86
		Release|x64 = Release|x64
		Release|x86 = Release|x86
	EndGlobalSection
	GlobalSection(ProjectConfigurationPlatforms) = postSolution
		{0B7C30A4-2B5B-4BAC-B980-0000D86FF855}.Debug|x64.ActiveCfg = Debug|x64
		{0B7C30A4-2B5B-4BAC-B980-0000D86FF855}.Debug|x64.Build.0 = Debug|x64
		{0B7C30A4-2B5B-4BAC-B980-0000D86FF855}.Debug|x86.ActiveCfg = Debug|Win32
		{0B7C30A4-2B5B-4BAC-B980-0000D86FF855}.Debug|x86.Build.0 = Debug|Win32
		{0B7C30A4-2B5B-4BAC-B980-0000D86FF855}.Release|x64.ActiveCfg = Release|x64
		{0B7C30A4-2B5B-4BAC-B980-0000D86FF855}.Release|x64.Build.0 = Release|x64
		{0B7C30A4-2B5B-4BAC-B980-0000D86FF855}.Release|x86.ActiveCfg = Release|Win32
		{0B7C30A4-2B5B-4BAC-B980-0000D86FF855}.Release|x86.Build.0 = Release|Win32
	EndGlobalSection
	GlobalSection(SolutionProperties) = preSolution
		HideSolutionNode = FALSE
	EndGlobalSection
	GlobalSection(ExtensibilityGlobals) = postSolution
		SolutionGuid = {BD6E7990-8866-4158-97D3-B74B9F27E5AA}
	EndGlobalSection
EndGlobal
